// !$*UTF8*$!
{
	archiveVersion = 1;
	classes = {
	};
	objectVersion = 46;
	objects = {

/* Begin PBXBuildFile section */
		E166D3381CA5294200EF5B06 /* UIPickerView.swift in Sources */ = {isa = PBXBuildFile; fileRef = E166D3371CA5294200EF5B06 /* UIPickerView.swift */; };
		E18740681C8D048500A7761C /* SerializableManagedObject.swift in Sources */ = {isa = PBXBuildFile; fileRef = E18740671C8D048500A7761C /* SerializableManagedObject.swift */; };
		E187406A1C8D56DB00A7761C /* NSMetadataQuery.swift in Sources */ = {isa = PBXBuildFile; fileRef = E18740691C8D56DB00A7761C /* NSMetadataQuery.swift */; };
		E187406C1C8D7C8500A7761C /* CoreDataTests.swift in Sources */ = {isa = PBXBuildFile; fileRef = E187406B1C8D7C8500A7761C /* CoreDataTests.swift */; };
		E187406E1C8D8ED300A7761C /* NSNumberFormatterTests.swift in Sources */ = {isa = PBXBuildFile; fileRef = E187406D1C8D8ED300A7761C /* NSNumberFormatterTests.swift */; };
		E18740701C8D932300A7761C /* NSDateTests.swift in Sources */ = {isa = PBXBuildFile; fileRef = E187406F1C8D932300A7761C /* NSDateTests.swift */; };
		E18740721C8D9A3200A7761C /* SerializableObjectTests.swift in Sources */ = {isa = PBXBuildFile; fileRef = E18740711C8D9A3200A7761C /* SerializableObjectTests.swift */; };
		E18740741C8DAEE200A7761C /* WebAPITests.swift in Sources */ = {isa = PBXBuildFile; fileRef = E18740731C8DAEE200A7761C /* WebAPITests.swift */; };
		E18740831C8ED89300A7761C /* Reusable.swift in Sources */ = {isa = PBXBuildFile; fileRef = E18740821C8ED89300A7761C /* Reusable.swift */; };
		E1AF56C01CCFAE5C00EF8B94 /* NSUserDefaults.swift in Sources */ = {isa = PBXBuildFile; fileRef = E1AF56BF1CCFAE5C00EF8B94 /* NSUserDefaults.swift */; };
		E1AF56C21CCFB27200EF8B94 /* Ubiquity.swift in Sources */ = {isa = PBXBuildFile; fileRef = E1AF56C11CCFB27200EF8B94 /* Ubiquity.swift */; };
		E1D6449A1BE358A9006860FD /* CodeQuickKit.h in Headers */ = {isa = PBXBuildFile; fileRef = E1D644991BE358A9006860FD /* CodeQuickKit.h */; settings = {ATTRIBUTES = (Public, ); }; };
		E1D644A11BE358A9006860FD /* CodeQuickKit.framework in Frameworks */ = {isa = PBXBuildFile; fileRef = E1D644961BE358A9006860FD /* CodeQuickKit.framework */; };
		E1D6455D1BE35B8E006860FD /* CoreData.framework in Frameworks */ = {isa = PBXBuildFile; fileRef = E1D6455C1BE35B8E006860FD /* CoreData.framework */; };
		E1E54C2B1C87F0D9003F12B3 /* CoreData.swift in Sources */ = {isa = PBXBuildFile; fileRef = E121CA9C1C85AD7B0003C1B6 /* CoreData.swift */; };
		E1E54C2C1C87F0D9003F12B3 /* Downloader.swift in Sources */ = {isa = PBXBuildFile; fileRef = E121CA9F1C85AD7B0003C1B6 /* Downloader.swift */; };
		E1E54C2D1C87F0D9003F12B3 /* Logger.swift in Sources */ = {isa = PBXBuildFile; fileRef = E121CAA21C85AD7B0003C1B6 /* Logger.swift */; };
		E1E54C2E1C87F0D9003F12B3 /* NSBundle.swift in Sources */ = {isa = PBXBuildFile; fileRef = E121CAA41C85AD7B0003C1B6 /* NSBundle.swift */; };
		E1E54C2F1C87F0D9003F12B3 /* NSDate.swift in Sources */ = {isa = PBXBuildFile; fileRef = E121CAA51C85AD7B0003C1B6 /* NSDate.swift */; };
		E1E54C301C87F0D9003F12B3 /* NSDateFormatter.swift in Sources */ = {isa = PBXBuildFile; fileRef = E121CAA61C85AD7B0003C1B6 /* NSDateFormatter.swift */; };
		E1E54C311C87F0D9003F12B3 /* NSFileManager.swift in Sources */ = {isa = PBXBuildFile; fileRef = E121CAA71C85AD7B0003C1B6 /* NSFileManager.swift */; };
		E1E54C331C87F0D9003F12B3 /* NSNumberFormatter.swift in Sources */ = {isa = PBXBuildFile; fileRef = E121CAA91C85AD7B0003C1B6 /* NSNumberFormatter.swift */; };
		E1E54C341C87F0D9003F12B3 /* NSObject.swift in Sources */ = {isa = PBXBuildFile; fileRef = E121CAAA1C85AD7B0003C1B6 /* NSObject.swift */; };
		E1E54C351C87F0D9003F12B3 /* Serializer.swift in Sources */ = {isa = PBXBuildFile; fileRef = E121CAAE1C85AD7B0003C1B6 /* Serializer.swift */; };
		E1E54C371C87F0D9003F12B3 /* UIAlertController.swift in Sources */ = {isa = PBXBuildFile; fileRef = E121CAB01C85AD7B0003C1B6 /* UIAlertController.swift */; };
		E1E54C391C87F0D9003F12B3 /* WebAPI.swift in Sources */ = {isa = PBXBuildFile; fileRef = E121CAB21C85AD7B0003C1B6 /* WebAPI.swift */; };
		E1E54C3B1C880839003F12B3 /* Storyboarded.swift in Sources */ = {isa = PBXBuildFile; fileRef = E1E54C3A1C880839003F12B3 /* Storyboarded.swift */; };
		E1E54C3D1C88627D003F12B3 /* Serializable.swift in Sources */ = {isa = PBXBuildFile; fileRef = E1E54C3C1C88627D003F12B3 /* Serializable.swift */; };
		E1E54C411C8865BA003F12B3 /* SerializableObject.swift in Sources */ = {isa = PBXBuildFile; fileRef = E1E54C401C8865BA003F12B3 /* SerializableObject.swift */; };
/* End PBXBuildFile section */

/* Begin PBXContainerItemProxy section */
		E1D644A21BE358A9006860FD /* PBXContainerItemProxy */ = {
			isa = PBXContainerItemProxy;
			containerPortal = E1D6448D1BE358A9006860FD /* Project object */;
			proxyType = 1;
			remoteGlobalIDString = E1D644951BE358A9006860FD;
			remoteInfo = iOS;
		};
/* End PBXContainerItemProxy section */

/* Begin PBXFileReference section */
		E121CA9C1C85AD7B0003C1B6 /* CoreData.swift */ = {isa = PBXFileReference; fileEncoding = 4; lastKnownFileType = sourcecode.swift; path = CoreData.swift; sourceTree = "<group>"; };
		E121CA9F1C85AD7B0003C1B6 /* Downloader.swift */ = {isa = PBXFileReference; fileEncoding = 4; lastKnownFileType = sourcecode.swift; path = Downloader.swift; sourceTree = "<group>"; };
		E121CAA21C85AD7B0003C1B6 /* Logger.swift */ = {isa = PBXFileReference; fileEncoding = 4; lastKnownFileType = sourcecode.swift; path = Logger.swift; sourceTree = "<group>"; };
		E121CAA41C85AD7B0003C1B6 /* NSBundle.swift */ = {isa = PBXFileReference; fileEncoding = 4; lastKnownFileType = sourcecode.swift; path = NSBundle.swift; sourceTree = "<group>"; };
		E121CAA51C85AD7B0003C1B6 /* NSDate.swift */ = {isa = PBXFileReference; fileEncoding = 4; lastKnownFileType = sourcecode.swift; path = NSDate.swift; sourceTree = "<group>"; };
		E121CAA61C85AD7B0003C1B6 /* NSDateFormatter.swift */ = {isa = PBXFileReference; fileEncoding = 4; lastKnownFileType = sourcecode.swift; path = NSDateFormatter.swift; sourceTree = "<group>"; };
		E121CAA71C85AD7B0003C1B6 /* NSFileManager.swift */ = {isa = PBXFileReference; fileEncoding = 4; lastKnownFileType = sourcecode.swift; path = NSFileManager.swift; sourceTree = "<group>"; };
		E121CAA91C85AD7B0003C1B6 /* NSNumberFormatter.swift */ = {isa = PBXFileReference; fileEncoding = 4; lastKnownFileType = sourcecode.swift; path = NSNumberFormatter.swift; sourceTree = "<group>"; };
		E121CAAA1C85AD7B0003C1B6 /* NSObject.swift */ = {isa = PBXFileReference; fileEncoding = 4; lastKnownFileType = sourcecode.swift; path = NSObject.swift; sourceTree = "<group>"; };
		E121CAAE1C85AD7B0003C1B6 /* Serializer.swift */ = {isa = PBXFileReference; fileEncoding = 4; lastKnownFileType = sourcecode.swift; path = Serializer.swift; sourceTree = "<group>"; };
		E121CAB01C85AD7B0003C1B6 /* UIAlertController.swift */ = {isa = PBXFileReference; fileEncoding = 4; lastKnownFileType = sourcecode.swift; path = UIAlertController.swift; sourceTree = "<group>"; };
		E121CAB21C85AD7B0003C1B6 /* WebAPI.swift */ = {isa = PBXFileReference; fileEncoding = 4; lastKnownFileType = sourcecode.swift; path = WebAPI.swift; sourceTree = "<group>"; };
		E166D3371CA5294200EF5B06 /* UIPickerView.swift */ = {isa = PBXFileReference; fileEncoding = 4; lastKnownFileType = sourcecode.swift; path = UIPickerView.swift; sourceTree = "<group>"; };
		E18740671C8D048500A7761C /* SerializableManagedObject.swift */ = {isa = PBXFileReference; fileEncoding = 4; lastKnownFileType = sourcecode.swift; path = SerializableManagedObject.swift; sourceTree = "<group>"; };
		E18740691C8D56DB00A7761C /* NSMetadataQuery.swift */ = {isa = PBXFileReference; fileEncoding = 4; lastKnownFileType = sourcecode.swift; path = NSMetadataQuery.swift; sourceTree = "<group>"; };
		E187406B1C8D7C8500A7761C /* CoreDataTests.swift */ = {isa = PBXFileReference; fileEncoding = 4; lastKnownFileType = sourcecode.swift; path = CoreDataTests.swift; sourceTree = "<group>"; };
		E187406D1C8D8ED300A7761C /* NSNumberFormatterTests.swift */ = {isa = PBXFileReference; fileEncoding = 4; lastKnownFileType = sourcecode.swift; path = NSNumberFormatterTests.swift; sourceTree = "<group>"; };
		E187406F1C8D932300A7761C /* NSDateTests.swift */ = {isa = PBXFileReference; fileEncoding = 4; lastKnownFileType = sourcecode.swift; path = NSDateTests.swift; sourceTree = "<group>"; };
		E18740711C8D9A3200A7761C /* SerializableObjectTests.swift */ = {isa = PBXFileReference; fileEncoding = 4; lastKnownFileType = sourcecode.swift; path = SerializableObjectTests.swift; sourceTree = "<group>"; };
		E18740731C8DAEE200A7761C /* WebAPITests.swift */ = {isa = PBXFileReference; fileEncoding = 4; lastKnownFileType = sourcecode.swift; path = WebAPITests.swift; sourceTree = "<group>"; };
		E18740821C8ED89300A7761C /* Reusable.swift */ = {isa = PBXFileReference; fileEncoding = 4; lastKnownFileType = sourcecode.swift; path = Reusable.swift; sourceTree = "<group>"; };
		E193B6691C7939AD00B1FA9D /* CQKCoreDataStack.h */ = {isa = PBXFileReference; fileEncoding = 4; lastKnownFileType = sourcecode.c.h; path = CQKCoreDataStack.h; sourceTree = "<group>"; };
		E193B66A1C7939AD00B1FA9D /* CQKCoreDataStack.m */ = {isa = PBXFileReference; fileEncoding = 4; lastKnownFileType = sourcecode.c.objc; path = CQKCoreDataStack.m; sourceTree = "<group>"; };
		E193B66B1C7939AD00B1FA9D /* CQKLogger.h */ = {isa = PBXFileReference; fileEncoding = 4; lastKnownFileType = sourcecode.c.h; path = CQKLogger.h; sourceTree = "<group>"; };
		E193B66C1C7939AD00B1FA9D /* CQKLogger.m */ = {isa = PBXFileReference; fileEncoding = 4; lastKnownFileType = sourcecode.c.objc; path = CQKLogger.m; sourceTree = "<group>"; };
		E193B66D1C7939AD00B1FA9D /* CQKSerializable.h */ = {isa = PBXFileReference; fileEncoding = 4; lastKnownFileType = sourcecode.c.h; path = CQKSerializable.h; sourceTree = "<group>"; };
		E193B66E1C7939AD00B1FA9D /* CQKSerializableConfiguration.h */ = {isa = PBXFileReference; fileEncoding = 4; lastKnownFileType = sourcecode.c.h; path = CQKSerializableConfiguration.h; sourceTree = "<group>"; };
		E193B66F1C7939AD00B1FA9D /* CQKSerializableConfiguration.m */ = {isa = PBXFileReference; fileEncoding = 4; lastKnownFileType = sourcecode.c.objc; path = CQKSerializableConfiguration.m; sourceTree = "<group>"; };
		E193B6701C7939AD00B1FA9D /* CQKSerializableNSManagedObject.h */ = {isa = PBXFileReference; fileEncoding = 4; lastKnownFileType = sourcecode.c.h; path = CQKSerializableNSManagedObject.h; sourceTree = "<group>"; };
		E193B6711C7939AD00B1FA9D /* CQKSerializableNSManagedObject.m */ = {isa = PBXFileReference; fileEncoding = 4; lastKnownFileType = sourcecode.c.objc; path = CQKSerializableNSManagedObject.m; sourceTree = "<group>"; };
		E193B6721C7939AD00B1FA9D /* CQKSerializableNSObject.h */ = {isa = PBXFileReference; fileEncoding = 4; lastKnownFileType = sourcecode.c.h; path = CQKSerializableNSObject.h; sourceTree = "<group>"; };
		E193B6731C7939AD00B1FA9D /* CQKSerializableNSObject.m */ = {isa = PBXFileReference; fileEncoding = 4; lastKnownFileType = sourcecode.c.objc; path = CQKSerializableNSObject.m; sourceTree = "<group>"; };
		E193B6741C7939AD00B1FA9D /* CQKUbiquityNSFileManager.h */ = {isa = PBXFileReference; fileEncoding = 4; lastKnownFileType = sourcecode.c.h; path = CQKUbiquityNSFileManager.h; sourceTree = "<group>"; };
		E193B6751C7939AD00B1FA9D /* CQKUbiquityNSFileManager.m */ = {isa = PBXFileReference; fileEncoding = 4; lastKnownFileType = sourcecode.c.objc; path = CQKUbiquityNSFileManager.m; sourceTree = "<group>"; };
		E193B6761C7939AD00B1FA9D /* CQKUbiquityUserDefaults.h */ = {isa = PBXFileReference; fileEncoding = 4; lastKnownFileType = sourcecode.c.h; path = CQKUbiquityUserDefaults.h; sourceTree = "<group>"; };
		E193B6771C7939AD00B1FA9D /* CQKUbiquityUserDefaults.m */ = {isa = PBXFileReference; fileEncoding = 4; lastKnownFileType = sourcecode.c.objc; path = CQKUbiquityUserDefaults.m; sourceTree = "<group>"; };
		E193B6781C7939AD00B1FA9D /* CQKWebAPI.h */ = {isa = PBXFileReference; fileEncoding = 4; lastKnownFileType = sourcecode.c.h; path = CQKWebAPI.h; sourceTree = "<group>"; };
		E193B6791C7939AD00B1FA9D /* CQKWebAPI.m */ = {isa = PBXFileReference; fileEncoding = 4; lastKnownFileType = sourcecode.c.objc; path = CQKWebAPI.m; sourceTree = "<group>"; };
		E193B67A1C7939AD00B1FA9D /* NSBundle+CQKBundle.h */ = {isa = PBXFileReference; fileEncoding = 4; lastKnownFileType = sourcecode.c.h; path = "NSBundle+CQKBundle.h"; sourceTree = "<group>"; };
		E193B67B1C7939AD00B1FA9D /* NSBundle+CQKBundle.m */ = {isa = PBXFileReference; fileEncoding = 4; lastKnownFileType = sourcecode.c.objc; path = "NSBundle+CQKBundle.m"; sourceTree = "<group>"; };
		E193B67C1C7939AD00B1FA9D /* NSData+CQKCrypto.h */ = {isa = PBXFileReference; fileEncoding = 4; lastKnownFileType = sourcecode.c.h; path = "NSData+CQKCrypto.h"; sourceTree = "<group>"; };
		E193B67D1C7939AD00B1FA9D /* NSData+CQKCrypto.m */ = {isa = PBXFileReference; fileEncoding = 4; lastKnownFileType = sourcecode.c.objc; path = "NSData+CQKCrypto.m"; sourceTree = "<group>"; };
		E193B67E1C7939AD00B1FA9D /* NSDate+CQKDates.h */ = {isa = PBXFileReference; fileEncoding = 4; lastKnownFileType = sourcecode.c.h; path = "NSDate+CQKDates.h"; sourceTree = "<group>"; };
		E193B67F1C7939AD00B1FA9D /* NSDate+CQKDates.m */ = {isa = PBXFileReference; fileEncoding = 4; lastKnownFileType = sourcecode.c.objc; path = "NSDate+CQKDates.m"; sourceTree = "<group>"; };
		E193B6801C7939AD00B1FA9D /* NSDateFormatter+CQKDateFormatter.h */ = {isa = PBXFileReference; fileEncoding = 4; lastKnownFileType = sourcecode.c.h; path = "NSDateFormatter+CQKDateFormatter.h"; sourceTree = "<group>"; };
		E193B6811C7939AD00B1FA9D /* NSDateFormatter+CQKDateFormatter.m */ = {isa = PBXFileReference; fileEncoding = 4; lastKnownFileType = sourcecode.c.objc; path = "NSDateFormatter+CQKDateFormatter.m"; sourceTree = "<group>"; };
		E193B6821C7939AD00B1FA9D /* NSFileManager+CQKSandbox.h */ = {isa = PBXFileReference; fileEncoding = 4; lastKnownFileType = sourcecode.c.h; path = "NSFileManager+CQKSandbox.h"; sourceTree = "<group>"; };
		E193B6831C7939AD00B1FA9D /* NSFileManager+CQKSandbox.m */ = {isa = PBXFileReference; fileEncoding = 4; lastKnownFileType = sourcecode.c.objc; path = "NSFileManager+CQKSandbox.m"; sourceTree = "<group>"; };
		E193B6841C7939AD00B1FA9D /* NSNumberFormatter+CQKNumberFormatters.h */ = {isa = PBXFileReference; fileEncoding = 4; lastKnownFileType = sourcecode.c.h; path = "NSNumberFormatter+CQKNumberFormatters.h"; sourceTree = "<group>"; };
		E193B6851C7939AD00B1FA9D /* NSNumberFormatter+CQKNumberFormatters.m */ = {isa = PBXFileReference; fileEncoding = 4; lastKnownFileType = sourcecode.c.objc; path = "NSNumberFormatter+CQKNumberFormatters.m"; sourceTree = "<group>"; };
		E193B6861C7939AD00B1FA9D /* NSObject+CQKRuntime.h */ = {isa = PBXFileReference; fileEncoding = 4; lastKnownFileType = sourcecode.c.h; path = "NSObject+CQKRuntime.h"; sourceTree = "<group>"; };
		E193B6871C7939AD00B1FA9D /* NSObject+CQKRuntime.m */ = {isa = PBXFileReference; fileEncoding = 4; lastKnownFileType = sourcecode.c.objc; path = "NSObject+CQKRuntime.m"; sourceTree = "<group>"; };
		E193B6881C7939AD00B1FA9D /* UIAlertController+CQKAlerts.h */ = {isa = PBXFileReference; fileEncoding = 4; lastKnownFileType = sourcecode.c.h; path = "UIAlertController+CQKAlerts.h"; sourceTree = "<group>"; };
		E193B6891C7939AD00B1FA9D /* UIAlertController+CQKAlerts.m */ = {isa = PBXFileReference; fileEncoding = 4; lastKnownFileType = sourcecode.c.objc; path = "UIAlertController+CQKAlerts.m"; sourceTree = "<group>"; };
		E193B68A1C7939AD00B1FA9D /* UIStoryboard+CQKStoryboards.h */ = {isa = PBXFileReference; fileEncoding = 4; lastKnownFileType = sourcecode.c.h; path = "UIStoryboard+CQKStoryboards.h"; sourceTree = "<group>"; };
		E193B68B1C7939AD00B1FA9D /* UIStoryboard+CQKStoryboards.m */ = {isa = PBXFileReference; fileEncoding = 4; lastKnownFileType = sourcecode.c.objc; path = "UIStoryboard+CQKStoryboards.m"; sourceTree = "<group>"; };
		E193B6AF1C7939DF00B1FA9D /* CQKWebAPITests.m */ = {isa = PBXFileReference; fileEncoding = 4; lastKnownFileType = sourcecode.c.objc; path = CQKWebAPITests.m; sourceTree = "<group>"; };
		E193B6B01C7939DF00B1FA9D /* NSObjectTests.m */ = {isa = PBXFileReference; fileEncoding = 4; lastKnownFileType = sourcecode.c.objc; path = NSObjectTests.m; sourceTree = "<group>"; };
		E1AF56BF1CCFAE5C00EF8B94 /* NSUserDefaults.swift */ = {isa = PBXFileReference; fileEncoding = 4; lastKnownFileType = sourcecode.swift; path = NSUserDefaults.swift; sourceTree = "<group>"; };
		E1AF56C11CCFB27200EF8B94 /* Ubiquity.swift */ = {isa = PBXFileReference; fileEncoding = 4; lastKnownFileType = sourcecode.swift; path = Ubiquity.swift; sourceTree = "<group>"; };
		E1D644961BE358A9006860FD /* CodeQuickKit.framework */ = {isa = PBXFileReference; explicitFileType = wrapper.framework; includeInIndex = 0; path = CodeQuickKit.framework; sourceTree = BUILT_PRODUCTS_DIR; };
		E1D644991BE358A9006860FD /* CodeQuickKit.h */ = {isa = PBXFileReference; lastKnownFileType = sourcecode.c.h; path = CodeQuickKit.h; sourceTree = "<group>"; };
		E1D6449B1BE358A9006860FD /* Info.plist */ = {isa = PBXFileReference; lastKnownFileType = text.plist.xml; path = Info.plist; sourceTree = "<group>"; };
		E1D644A01BE358A9006860FD /* CodeQuickKitTests.xctest */ = {isa = PBXFileReference; explicitFileType = wrapper.cfbundle; includeInIndex = 0; path = CodeQuickKitTests.xctest; sourceTree = BUILT_PRODUCTS_DIR; };
		E1D644A71BE358A9006860FD /* Info.plist */ = {isa = PBXFileReference; lastKnownFileType = text.plist.xml; path = Info.plist; sourceTree = "<group>"; };
		E1D644D41BE35A9B006860FD /* CQKCoreDataTests.m */ = {isa = PBXFileReference; fileEncoding = 4; lastKnownFileType = sourcecode.c.objc; path = CQKCoreDataTests.m; sourceTree = "<group>"; };
		E1D644D51BE35A9B006860FD /* CQKNSDateCQKDatesTests.m */ = {isa = PBXFileReference; fileEncoding = 4; lastKnownFileType = sourcecode.c.objc; path = CQKNSDateCQKDatesTests.m; sourceTree = "<group>"; };
		E1D644D61BE35A9B006860FD /* CQKNSNumberFormattersTests.m */ = {isa = PBXFileReference; fileEncoding = 4; lastKnownFileType = sourcecode.c.objc; path = CQKNSNumberFormattersTests.m; sourceTree = "<group>"; };
		E1D644D71BE35A9B006860FD /* CQKSerializableNSObjectTests.m */ = {isa = PBXFileReference; fileEncoding = 4; lastKnownFileType = sourcecode.c.objc; path = CQKSerializableNSObjectTests.m; sourceTree = "<group>"; };
		E1D6455C1BE35B8E006860FD /* CoreData.framework */ = {isa = PBXFileReference; lastKnownFileType = wrapper.framework; name = CoreData.framework; path = System/Library/Frameworks/CoreData.framework; sourceTree = SDKROOT; };
		E1E54C3A1C880839003F12B3 /* Storyboarded.swift */ = {isa = PBXFileReference; fileEncoding = 4; lastKnownFileType = sourcecode.swift; path = Storyboarded.swift; sourceTree = "<group>"; };
		E1E54C3C1C88627D003F12B3 /* Serializable.swift */ = {isa = PBXFileReference; fileEncoding = 4; lastKnownFileType = sourcecode.swift; path = Serializable.swift; sourceTree = "<group>"; };
		E1E54C401C8865BA003F12B3 /* SerializableObject.swift */ = {isa = PBXFileReference; fileEncoding = 4; lastKnownFileType = sourcecode.swift; path = SerializableObject.swift; sourceTree = "<group>"; };
/* End PBXFileReference section */

/* Begin PBXFrameworksBuildPhase section */
		E1D644921BE358A9006860FD /* Frameworks */ = {
			isa = PBXFrameworksBuildPhase;
			buildActionMask = 2147483647;
			files = (
				E1D6455D1BE35B8E006860FD /* CoreData.framework in Frameworks */,
			);
			runOnlyForDeploymentPostprocessing = 0;
		};
		E1D6449D1BE358A9006860FD /* Frameworks */ = {
			isa = PBXFrameworksBuildPhase;
			buildActionMask = 2147483647;
			files = (
				E1D644A11BE358A9006860FD /* CodeQuickKit.framework in Frameworks */,
			);
			runOnlyForDeploymentPostprocessing = 0;
		};
/* End PBXFrameworksBuildPhase section */

/* Begin PBXGroup section */
		E121CA991C85AD7B0003C1B6 /* CodeQuickKit-Swift */ = {
			isa = PBXGroup;
			children = (
				E121CA9C1C85AD7B0003C1B6 /* CoreData.swift */,
				E121CA9F1C85AD7B0003C1B6 /* Downloader.swift */,
				E121CAA21C85AD7B0003C1B6 /* Logger.swift */,
				E121CAA41C85AD7B0003C1B6 /* NSBundle.swift */,
				E121CAA51C85AD7B0003C1B6 /* NSDate.swift */,
				E121CAA61C85AD7B0003C1B6 /* NSDateFormatter.swift */,
				E121CAA71C85AD7B0003C1B6 /* NSFileManager.swift */,
				E18740691C8D56DB00A7761C /* NSMetadataQuery.swift */,
				E121CAA91C85AD7B0003C1B6 /* NSNumberFormatter.swift */,
				E121CAAA1C85AD7B0003C1B6 /* NSObject.swift */,
				E1AF56BF1CCFAE5C00EF8B94 /* NSUserDefaults.swift */,
				E18740821C8ED89300A7761C /* Reusable.swift */,
				E1E54C3C1C88627D003F12B3 /* Serializable.swift */,
				E121CAAE1C85AD7B0003C1B6 /* Serializer.swift */,
				E18740671C8D048500A7761C /* SerializableManagedObject.swift */,
				E1E54C401C8865BA003F12B3 /* SerializableObject.swift */,
				E1E54C3A1C880839003F12B3 /* Storyboarded.swift */,
				E1AF56C11CCFB27200EF8B94 /* Ubiquity.swift */,
				E121CAB01C85AD7B0003C1B6 /* UIAlertController.swift */,
				E166D3371CA5294200EF5B06 /* UIPickerView.swift */,
				E121CAB21C85AD7B0003C1B6 /* WebAPI.swift */,
			);
			name = "CodeQuickKit-Swift";
			path = "../../CodeQuickKit-Swift";
			sourceTree = "<group>";
		};
		E193B6681C7939AD00B1FA9D /* CodeQuickKit-ObjC */ = {
			isa = PBXGroup;
			children = (
				E193B6691C7939AD00B1FA9D /* CQKCoreDataStack.h */,
				E193B66A1C7939AD00B1FA9D /* CQKCoreDataStack.m */,
				E193B66B1C7939AD00B1FA9D /* CQKLogger.h */,
				E193B66C1C7939AD00B1FA9D /* CQKLogger.m */,
				E193B66D1C7939AD00B1FA9D /* CQKSerializable.h */,
				E193B66E1C7939AD00B1FA9D /* CQKSerializableConfiguration.h */,
				E193B66F1C7939AD00B1FA9D /* CQKSerializableConfiguration.m */,
				E193B6701C7939AD00B1FA9D /* CQKSerializableNSManagedObject.h */,
				E193B6711C7939AD00B1FA9D /* CQKSerializableNSManagedObject.m */,
				E193B6721C7939AD00B1FA9D /* CQKSerializableNSObject.h */,
				E193B6731C7939AD00B1FA9D /* CQKSerializableNSObject.m */,
				E193B6741C7939AD00B1FA9D /* CQKUbiquityNSFileManager.h */,
				E193B6751C7939AD00B1FA9D /* CQKUbiquityNSFileManager.m */,
				E193B6761C7939AD00B1FA9D /* CQKUbiquityUserDefaults.h */,
				E193B6771C7939AD00B1FA9D /* CQKUbiquityUserDefaults.m */,
				E193B6781C7939AD00B1FA9D /* CQKWebAPI.h */,
				E193B6791C7939AD00B1FA9D /* CQKWebAPI.m */,
				E193B67A1C7939AD00B1FA9D /* NSBundle+CQKBundle.h */,
				E193B67B1C7939AD00B1FA9D /* NSBundle+CQKBundle.m */,
				E193B67C1C7939AD00B1FA9D /* NSData+CQKCrypto.h */,
				E193B67D1C7939AD00B1FA9D /* NSData+CQKCrypto.m */,
				E193B67E1C7939AD00B1FA9D /* NSDate+CQKDates.h */,
				E193B67F1C7939AD00B1FA9D /* NSDate+CQKDates.m */,
				E193B6801C7939AD00B1FA9D /* NSDateFormatter+CQKDateFormatter.h */,
				E193B6811C7939AD00B1FA9D /* NSDateFormatter+CQKDateFormatter.m */,
				E193B6821C7939AD00B1FA9D /* NSFileManager+CQKSandbox.h */,
				E193B6831C7939AD00B1FA9D /* NSFileManager+CQKSandbox.m */,
				E193B6841C7939AD00B1FA9D /* NSNumberFormatter+CQKNumberFormatters.h */,
				E193B6851C7939AD00B1FA9D /* NSNumberFormatter+CQKNumberFormatters.m */,
				E193B6861C7939AD00B1FA9D /* NSObject+CQKRuntime.h */,
				E193B6871C7939AD00B1FA9D /* NSObject+CQKRuntime.m */,
				E193B6881C7939AD00B1FA9D /* UIAlertController+CQKAlerts.h */,
				E193B6891C7939AD00B1FA9D /* UIAlertController+CQKAlerts.m */,
				E193B68A1C7939AD00B1FA9D /* UIStoryboard+CQKStoryboards.h */,
				E193B68B1C7939AD00B1FA9D /* UIStoryboard+CQKStoryboards.m */,
			);
			name = "CodeQuickKit-ObjC";
			path = "../../CodeQuickKit-ObjC";
			sourceTree = "<group>";
		};
		E1D6448C1BE358A9006860FD = {
			isa = PBXGroup;
			children = (
				E1D6455C1BE35B8E006860FD /* CoreData.framework */,
				E1D644981BE358A9006860FD /* CodeQuickKit */,
				E1D644A41BE358A9006860FD /* CodeQuickKitTests */,
				E1D644971BE358A9006860FD /* Products */,
			);
			sourceTree = "<group>";
		};
		E1D644971BE358A9006860FD /* Products */ = {
			isa = PBXGroup;
			children = (
				E1D644961BE358A9006860FD /* CodeQuickKit.framework */,
				E1D644A01BE358A9006860FD /* CodeQuickKitTests.xctest */,
			);
			name = Products;
			sourceTree = "<group>";
		};
		E1D644981BE358A9006860FD /* CodeQuickKit */ = {
			isa = PBXGroup;
			children = (
				E121CA991C85AD7B0003C1B6 /* CodeQuickKit-Swift */,
				E193B6681C7939AD00B1FA9D /* CodeQuickKit-ObjC */,
				E1D644991BE358A9006860FD /* CodeQuickKit.h */,
				E1D6449B1BE358A9006860FD /* Info.plist */,
			);
			path = CodeQuickKit;
			sourceTree = "<group>";
		};
		E1D644A41BE358A9006860FD /* CodeQuickKitTests */ = {
			isa = PBXGroup;
			children = (
				E1D644A71BE358A9006860FD /* Info.plist */,
				E1D644D41BE35A9B006860FD /* CQKCoreDataTests.m */,
				E1D644D51BE35A9B006860FD /* CQKNSDateCQKDatesTests.m */,
				E1D644D61BE35A9B006860FD /* CQKNSNumberFormattersTests.m */,
				E1D644D71BE35A9B006860FD /* CQKSerializableNSObjectTests.m */,
				E193B6AF1C7939DF00B1FA9D /* CQKWebAPITests.m */,
				E193B6B01C7939DF00B1FA9D /* NSObjectTests.m */,
				E187406B1C8D7C8500A7761C /* CoreDataTests.swift */,
				E187406D1C8D8ED300A7761C /* NSNumberFormatterTests.swift */,
				E187406F1C8D932300A7761C /* NSDateTests.swift */,
				E18740711C8D9A3200A7761C /* SerializableObjectTests.swift */,
				E18740731C8DAEE200A7761C /* WebAPITests.swift */,
			);
			path = CodeQuickKitTests;
			sourceTree = "<group>";
		};
/* End PBXGroup section */

/* Begin PBXHeadersBuildPhase section */
		E1D644931BE358A9006860FD /* Headers */ = {
			isa = PBXHeadersBuildPhase;
			buildActionMask = 2147483647;
			files = (
				E1D6449A1BE358A9006860FD /* CodeQuickKit.h in Headers */,
			);
			runOnlyForDeploymentPostprocessing = 0;
		};
/* End PBXHeadersBuildPhase section */

/* Begin PBXNativeTarget section */
		E1D644951BE358A9006860FD /* CodeQuickKit */ = {
			isa = PBXNativeTarget;
			buildConfigurationList = E1D644AA1BE358A9006860FD /* Build configuration list for PBXNativeTarget "CodeQuickKit" */;
			buildPhases = (
				E1D644911BE358A9006860FD /* Sources */,
				E1D644921BE358A9006860FD /* Frameworks */,
				E1D644931BE358A9006860FD /* Headers */,
				E1D644941BE358A9006860FD /* Resources */,
			);
			buildRules = (
			);
			dependencies = (
			);
			name = CodeQuickKit;
			productName = iOS;
			productReference = E1D644961BE358A9006860FD /* CodeQuickKit.framework */;
			productType = "com.apple.product-type.framework";
		};
		E1D6449F1BE358A9006860FD /* CodeQuickKitTests */ = {
			isa = PBXNativeTarget;
			buildConfigurationList = E1D644AD1BE358A9006860FD /* Build configuration list for PBXNativeTarget "CodeQuickKitTests" */;
			buildPhases = (
				E1D6449C1BE358A9006860FD /* Sources */,
				E1D6449D1BE358A9006860FD /* Frameworks */,
				E1D6449E1BE358A9006860FD /* Resources */,
			);
			buildRules = (
			);
			dependencies = (
				E1D644A31BE358A9006860FD /* PBXTargetDependency */,
			);
			name = CodeQuickKitTests;
			productName = iOSTests;
			productReference = E1D644A01BE358A9006860FD /* CodeQuickKitTests.xctest */;
			productType = "com.apple.product-type.bundle.unit-test";
		};
/* End PBXNativeTarget section */

/* Begin PBXProject section */
		E1D6448D1BE358A9006860FD /* Project object */ = {
			isa = PBXProject;
			attributes = {
				LastSwiftUpdateCheck = 0720;
				LastUpgradeCheck = 0710;
				ORGANIZATIONNAME = "Richard Piazza";
				TargetAttributes = {
					E1D644951BE358A9006860FD = {
						CreatedOnToolsVersion = 7.1;
						DevelopmentTeam = EX6YK9HKXA;
					};
					E1D6449F1BE358A9006860FD = {
						CreatedOnToolsVersion = 7.1;
					};
				};
			};
			buildConfigurationList = E1D644901BE358A9006860FD /* Build configuration list for PBXProject "CodeQuickKit" */;
			compatibilityVersion = "Xcode 3.2";
			developmentRegion = English;
			hasScannedForEncodings = 0;
			knownRegions = (
				en,
			);
			mainGroup = E1D6448C1BE358A9006860FD;
			productRefGroup = E1D644971BE358A9006860FD /* Products */;
			projectDirPath = "";
			projectRoot = "";
			targets = (
				E1D644951BE358A9006860FD /* CodeQuickKit */,
				E1D6449F1BE358A9006860FD /* CodeQuickKitTests */,
			);
		};
/* End PBXProject section */

/* Begin PBXResourcesBuildPhase section */
		E1D644941BE358A9006860FD /* Resources */ = {
			isa = PBXResourcesBuildPhase;
			buildActionMask = 2147483647;
			files = (
			);
			runOnlyForDeploymentPostprocessing = 0;
		};
		E1D6449E1BE358A9006860FD /* Resources */ = {
			isa = PBXResourcesBuildPhase;
			buildActionMask = 2147483647;
			files = (
			);
			runOnlyForDeploymentPostprocessing = 0;
		};
/* End PBXResourcesBuildPhase section */

/* Begin PBXSourcesBuildPhase section */
		E1D644911BE358A9006860FD /* Sources */ = {
			isa = PBXSourcesBuildPhase;
			buildActionMask = 2147483647;
			files = (
				E1E54C2F1C87F0D9003F12B3 /* NSDate.swift in Sources */,
				E166D3381CA5294200EF5B06 /* UIPickerView.swift in Sources */,
				E1E54C331C87F0D9003F12B3 /* NSNumberFormatter.swift in Sources */,
				E1E54C371C87F0D9003F12B3 /* UIAlertController.swift in Sources */,
				E1E54C3D1C88627D003F12B3 /* Serializable.swift in Sources */,
				E1E54C2B1C87F0D9003F12B3 /* CoreData.swift in Sources */,
				E18740831C8ED89300A7761C /* Reusable.swift in Sources */,
				E1E54C2C1C87F0D9003F12B3 /* Downloader.swift in Sources */,
				E187406A1C8D56DB00A7761C /* NSMetadataQuery.swift in Sources */,
				E1E54C301C87F0D9003F12B3 /* NSDateFormatter.swift in Sources */,
				E18740681C8D048500A7761C /* SerializableManagedObject.swift in Sources */,
				E1E54C351C87F0D9003F12B3 /* Serializer.swift in Sources */,
				E1E54C2E1C87F0D9003F12B3 /* NSBundle.swift in Sources */,
				E1E54C311C87F0D9003F12B3 /* NSFileManager.swift in Sources */,
				E1E54C341C87F0D9003F12B3 /* NSObject.swift in Sources */,
				E1AF56C01CCFAE5C00EF8B94 /* NSUserDefaults.swift in Sources */,
				E1AF56C21CCFB27200EF8B94 /* Ubiquity.swift in Sources */,
				E1E54C411C8865BA003F12B3 /* SerializableObject.swift in Sources */,
				E1E54C2D1C87F0D9003F12B3 /* Logger.swift in Sources */,
				E1E54C3B1C880839003F12B3 /* Storyboarded.swift in Sources */,
				E1E54C391C87F0D9003F12B3 /* WebAPI.swift in Sources */,
			);
			runOnlyForDeploymentPostprocessing = 0;
		};
		E1D6449C1BE358A9006860FD /* Sources */ = {
			isa = PBXSourcesBuildPhase;
			buildActionMask = 2147483647;
			files = (
				E18740701C8D932300A7761C /* NSDateTests.swift in Sources */,
				E18740721C8D9A3200A7761C /* SerializableObjectTests.swift in Sources */,
				E187406E1C8D8ED300A7761C /* NSNumberFormatterTests.swift in Sources */,
				E187406C1C8D7C8500A7761C /* CoreDataTests.swift in Sources */,
				E18740741C8DAEE200A7761C /* WebAPITests.swift in Sources */,
			);
			runOnlyForDeploymentPostprocessing = 0;
		};
/* End PBXSourcesBuildPhase section */

/* Begin PBXTargetDependency section */
		E1D644A31BE358A9006860FD /* PBXTargetDependency */ = {
			isa = PBXTargetDependency;
			target = E1D644951BE358A9006860FD /* CodeQuickKit */;
			targetProxy = E1D644A21BE358A9006860FD /* PBXContainerItemProxy */;
		};
/* End PBXTargetDependency section */

/* Begin XCBuildConfiguration section */
		E1D644A81BE358A9006860FD /* Debug */ = {
			isa = XCBuildConfiguration;
			buildSettings = {
				ALWAYS_SEARCH_USER_PATHS = NO;
				CLANG_CXX_LANGUAGE_STANDARD = "gnu++0x";
				CLANG_CXX_LIBRARY = "libc++";
				CLANG_ENABLE_MODULES = YES;
				CLANG_ENABLE_OBJC_ARC = YES;
				CLANG_WARN_BOOL_CONVERSION = YES;
				CLANG_WARN_CONSTANT_CONVERSION = YES;
				CLANG_WARN_DIRECT_OBJC_ISA_USAGE = YES_ERROR;
				CLANG_WARN_EMPTY_BODY = YES;
				CLANG_WARN_ENUM_CONVERSION = YES;
				CLANG_WARN_INT_CONVERSION = YES;
				CLANG_WARN_OBJC_ROOT_CLASS = YES_ERROR;
				CLANG_WARN_UNREACHABLE_CODE = YES;
				CLANG_WARN__DUPLICATE_METHOD_MATCH = YES;
				"CODE_SIGN_IDENTITY[sdk=iphoneos*]" = "iPhone Developer";
				COPY_PHASE_STRIP = NO;
				CURRENT_PROJECT_VERSION = 1;
				DEBUG_INFORMATION_FORMAT = dwarf;
				ENABLE_STRICT_OBJC_MSGSEND = YES;
				ENABLE_TESTABILITY = YES;
				GCC_C_LANGUAGE_STANDARD = gnu99;
				GCC_DYNAMIC_NO_PIC = NO;
				GCC_NO_COMMON_BLOCKS = YES;
				GCC_OPTIMIZATION_LEVEL = 0;
				GCC_PREPROCESSOR_DEFINITIONS = (
					"DEBUG=1",
					"$(inherited)",
				);
				GCC_WARN_64_TO_32_BIT_CONVERSION = YES;
				GCC_WARN_ABOUT_RETURN_TYPE = YES_ERROR;
				GCC_WARN_UNDECLARED_SELECTOR = YES;
				GCC_WARN_UNINITIALIZED_AUTOS = YES_AGGRESSIVE;
				GCC_WARN_UNUSED_FUNCTION = YES;
				GCC_WARN_UNUSED_VARIABLE = YES;
				IPHONEOS_DEPLOYMENT_TARGET = 9.1;
				MTL_ENABLE_DEBUG_INFO = YES;
				ONLY_ACTIVE_ARCH = YES;
				SDKROOT = iphoneos;
				TARGETED_DEVICE_FAMILY = "1,2";
				VERSIONING_SYSTEM = "apple-generic";
				VERSION_INFO_PREFIX = "";
			};
			name = Debug;
		};
		E1D644A91BE358A9006860FD /* Release */ = {
			isa = XCBuildConfiguration;
			buildSettings = {
				ALWAYS_SEARCH_USER_PATHS = NO;
				CLANG_CXX_LANGUAGE_STANDARD = "gnu++0x";
				CLANG_CXX_LIBRARY = "libc++";
				CLANG_ENABLE_MODULES = YES;
				CLANG_ENABLE_OBJC_ARC = YES;
				CLANG_WARN_BOOL_CONVERSION = YES;
				CLANG_WARN_CONSTANT_CONVERSION = YES;
				CLANG_WARN_DIRECT_OBJC_ISA_USAGE = YES_ERROR;
				CLANG_WARN_EMPTY_BODY = YES;
				CLANG_WARN_ENUM_CONVERSION = YES;
				CLANG_WARN_INT_CONVERSION = YES;
				CLANG_WARN_OBJC_ROOT_CLASS = YES_ERROR;
				CLANG_WARN_UNREACHABLE_CODE = YES;
				CLANG_WARN__DUPLICATE_METHOD_MATCH = YES;
				"CODE_SIGN_IDENTITY[sdk=iphoneos*]" = "iPhone Developer";
				COPY_PHASE_STRIP = NO;
				CURRENT_PROJECT_VERSION = 1;
				DEBUG_INFORMATION_FORMAT = "dwarf-with-dsym";
				ENABLE_NS_ASSERTIONS = NO;
				ENABLE_STRICT_OBJC_MSGSEND = YES;
				GCC_C_LANGUAGE_STANDARD = gnu99;
				GCC_NO_COMMON_BLOCKS = YES;
				GCC_WARN_64_TO_32_BIT_CONVERSION = YES;
				GCC_WARN_ABOUT_RETURN_TYPE = YES_ERROR;
				GCC_WARN_UNDECLARED_SELECTOR = YES;
				GCC_WARN_UNINITIALIZED_AUTOS = YES_AGGRESSIVE;
				GCC_WARN_UNUSED_FUNCTION = YES;
				GCC_WARN_UNUSED_VARIABLE = YES;
				IPHONEOS_DEPLOYMENT_TARGET = 9.1;
				MTL_ENABLE_DEBUG_INFO = NO;
				SDKROOT = iphoneos;
				TARGETED_DEVICE_FAMILY = "1,2";
				VALIDATE_PRODUCT = YES;
				VERSIONING_SYSTEM = "apple-generic";
				VERSION_INFO_PREFIX = "";
			};
			name = Release;
		};
		E1D644AB1BE358A9006860FD /* Debug */ = {
			isa = XCBuildConfiguration;
			buildSettings = {
				CLANG_ENABLE_MODULES = YES;
				CODE_SIGN_IDENTITY = "iPhone Developer";
				DEFINES_MODULE = YES;
				DYLIB_COMPATIBILITY_VERSION = 1;
				DYLIB_CURRENT_VERSION = 1;
				DYLIB_INSTALL_NAME_BASE = "@rpath";
				INFOPLIST_FILE = "$(SRCROOT)/CodeQuickKit/Info.plist";
				INSTALL_PATH = "$(LOCAL_LIBRARY_DIR)/Frameworks";
				IPHONEOS_DEPLOYMENT_TARGET = 8.0;
				LD_RUNPATH_SEARCH_PATHS = "$(inherited) @executable_path/Frameworks @loader_path/Frameworks";
				PRODUCT_BUNDLE_IDENTIFIER = com.richardpiazza.codequickkit;
				PRODUCT_NAME = CodeQuickKit;
				SKIP_INSTALL = YES;
				SWIFT_OPTIMIZATION_LEVEL = "-Onone";
			};
			name = Debug;
		};
		E1D644AC1BE358A9006860FD /* Release */ = {
			isa = XCBuildConfiguration;
			buildSettings = {
				CLANG_ENABLE_MODULES = YES;
				CODE_SIGN_IDENTITY = "iPhone Developer";
				DEFINES_MODULE = YES;
				DYLIB_COMPATIBILITY_VERSION = 1;
				DYLIB_CURRENT_VERSION = 1;
				DYLIB_INSTALL_NAME_BASE = "@rpath";
				INFOPLIST_FILE = "$(SRCROOT)/CodeQuickKit/Info.plist";
				INSTALL_PATH = "$(LOCAL_LIBRARY_DIR)/Frameworks";
				IPHONEOS_DEPLOYMENT_TARGET = 8.0;
				LD_RUNPATH_SEARCH_PATHS = "$(inherited) @executable_path/Frameworks @loader_path/Frameworks";
				PRODUCT_BUNDLE_IDENTIFIER = com.richardpiazza.codequickkit;
				PRODUCT_NAME = CodeQuickKit;
				SKIP_INSTALL = YES;
			};
			name = Release;
		};
		E1D644AE1BE358A9006860FD /* Debug */ = {
			isa = XCBuildConfiguration;
			buildSettings = {
				CLANG_ENABLE_MODULES = YES;
				INFOPLIST_FILE = CodeQuickKitTests/Info.plist;
				LD_RUNPATH_SEARCH_PATHS = "$(inherited) @executable_path/Frameworks @loader_path/Frameworks";
				PRODUCT_BUNDLE_IDENTIFIER = com.richardpiazza.codequickkit.iOSTests;
				PRODUCT_NAME = CodeQuickKitTests;
				SWIFT_OPTIMIZATION_LEVEL = "-Onone";
			};
			name = Debug;
		};
		E1D644AF1BE358A9006860FD /* Release */ = {
			isa = XCBuildConfiguration;
			buildSettings = {
				CLANG_ENABLE_MODULES = YES;
				INFOPLIST_FILE = CodeQuickKitTests/Info.plist;
				LD_RUNPATH_SEARCH_PATHS = "$(inherited) @executable_path/Frameworks @loader_path/Frameworks";
				PRODUCT_BUNDLE_IDENTIFIER = com.richardpiazza.codequickkit.iOSTests;
				PRODUCT_NAME = CodeQuickKitTests;
			};
			name = Release;
		};
/* End XCBuildConfiguration section */

/* Begin XCConfigurationList section */
		E1D644901BE358A9006860FD /* Build configuration list for PBXProject "CodeQuickKit" */ = {
			isa = XCConfigurationList;
			buildConfigurations = (
				E1D644A81BE358A9006860FD /* Debug */,
				E1D644A91BE358A9006860FD /* Release */,
			);
			defaultConfigurationIsVisible = 0;
			defaultConfigurationName = Release;
		};
		E1D644AA1BE358A9006860FD /* Build configuration list for PBXNativeTarget "CodeQuickKit" */ = {
			isa = XCConfigurationList;
			buildConfigurations = (
				E1D644AB1BE358A9006860FD /* Debug */,
				E1D644AC1BE358A9006860FD /* Release */,
			);
			defaultConfigurationIsVisible = 0;
			defaultConfigurationName = Release;
		};
		E1D644AD1BE358A9006860FD /* Build configuration list for PBXNativeTarget "CodeQuickKitTests" */ = {
			isa = XCConfigurationList;
			buildConfigurations = (
				E1D644AE1BE358A9006860FD /* Debug */,
				E1D644AF1BE358A9006860FD /* Release */,
			);
			defaultConfigurationIsVisible = 0;
			defaultConfigurationName = Release;
		};
/* End XCConfigurationList section */
	};
	rootObject = E1D6448D1BE358A9006860FD /* Project object */;
}
